<?xml version="1.0" encoding="utf-8"?>
<Project ToolsVersion="4.0" xmlns="http://schemas.microsoft.com/developer/msbuild/2003">
  <ItemGroup>
    <ClCompile Include="ddutil.cpp" />
    <ClCompile Include="gxfont.cpp" />
    <ClCompile Include="gxaudio.cpp" />
    <ClCompile Include="gxcanvas.cpp" />
    <ClCompile Include="gxchannel.cpp" />
    <ClCompile Include="gxdevice.cpp" />
    <ClCompile Include="gxdir.cpp" />
    <ClCompile Include="gxfilesystem.cpp" />
    <ClCompile Include="gxgraphics.cpp" />
    <ClCompile Include="gxinput.cpp" />
    <ClCompile Include="gxlight.cpp" />
    <ClCompile Include="gxmesh.cpp" />
    <ClCompile Include="gxmovie.cpp" />
    <ClCompile Include="gxruntime.cpp" />
    <ClCompile Include="gxscene.cpp" />
    <ClCompile Include="gxsound.cpp" />
    <ClCompile Include="gxtimer.cpp" />
    <ClCompile Include="gxutf8.cpp" />
    <ClCompile Include="std.cpp" />
    <ClCompile Include="..\OpenGL\glad\src\glad.c">
      <Filter>OpenGL</Filter>
    </ClCompile>
    <ClCompile Include="..\OpenGL\Renderer.cpp">
      <Filter>OpenGL</Filter>
    </ClCompile>
    <ClCompile Include="..\OpenGL\MD_Math.cpp">
      <Filter>OpenGL</Filter>
    </ClCompile>
  </ItemGroup>
  <ItemGroup>
    <ClInclude Include="asmcoder.h" />
    <ClInclude Include="ddutil.h" />
    <ClInclude Include="gxfont.h" />
    <ClInclude Include="gxaudio.h" />
    <ClInclude Include="gxcanvas.h" />
    <ClInclude Include="gxchannel.h" />
    <ClInclude Include="gxdevice.h" />
    <ClInclude Include="gxdir.h" />
    <ClInclude Include="gxfilesystem.h" />
    <ClInclude Include="gxgraphics.h" />
    <ClInclude Include="gxinput.h" />
    <ClInclude Include="gxlight.h" />
    <ClInclude Include="gxmesh.h" />
    <ClInclude Include="gxmovie.h" />
    <ClInclude Include="gxruntime.h" />
    <ClInclude Include="gxscene.h" />
    <ClInclude Include="gxsound.h" />
    <ClInclude Include="gxtimer.h" />
    <ClInclude Include="gxutf8.h" />
    <ClInclude Include="std.h" />
    <ClInclude Include="..\OpenGL\Renderer.h">
      <Filter>OpenGL</Filter>
    </ClInclude>
    <ClInclude Include="..\OpenGL\MD_Math.h">
      <Filter>OpenGL</Filter>
    </ClInclude>
  </ItemGroup>
  <ItemGroup>
    <Filter Include="OpenGL">
      <UniqueIdentifier>{52a1dabf-f882-4503-a1ae-1b36b6f0a07c}</UniqueIdentifier>
    </Filter>
  </ItemGroup>
</Project>